github.com/Wariie/go-woxy/com v0.0.0-20201110180907-67d31396b35a/go.mod h1:tXQGU25a8i8FUu/l/OH2EDsof/CaCsppYxSKhVA/5VM=
github.com/Wariie/go-woxy/com v0.0.0-20230208131621-56e812df27e1 h1:eli/kqX4QyoCVh804BFOQeYlyyPfdaPYlw23P/vtSVI=
github.com/Wariie/go-woxy/com v0.0.0-20230208131621-56e812df27e1/go.mod h1:tXQGU25a8i8FUu/l/OH2EDsof/CaCsppYxSKhVA/5VM=
github.com/Wariie/go-woxy/modbase v0.0.0-20230208131621-56e812df27e1 h1:GZWkRprHEPXM0Ef38PusvGU6kR9VIC/IzzrzK/WHqqA=
github.com/Wariie/go-woxy/modbase v0.0.0-20230208131621-56e812df27e1/go.mod h1:ClJQorzua3T5RODqH3bgq3CttqMb+gK/qPxnB0+iK74=
github.com/Wariie/go-woxy/tools v0.0.0-20200831140926-4e2b8c3ff239/go.mod h1:7rH9sj5tIXT1+DbhuurPY0sgPMuk+VEDGtc+JONAU9Y=
github.com/Wariie/go-woxy/tools v0.0.0-20201110180907-67d31396b35a/go.mod h1:7rH9sj5tIXT1+DbhuurPY0sgPMuk+VEDGtc+JONAU9Y=
github.com/Wariie/go-woxy/tools v0.0.0-20230207232314-f13e148e8c2c h1:ll55dq6/kbOw5T8hwuwQtVKpLfSFGNC8yXCqD42sF7I=
github.com/Wariie/go-woxy/tools v0.0.0-20230207232314-f13e148e8c2c/go.mod h1:7rH9sj5tIXT1+DbhuurPY0sgPMuk+VEDGtc+JONAU9Y=
github.com/abbot/go-http-auth v0.4.0 h1:QjmvZ5gSC7jm3Zg54DqWE/T5m1t2AfDu6QlXJT0EVT0=
github.com/abbot/go-http-auth v0.4.0/go.mod h1:Cz6ARTIzApMJDzh5bRMSUou6UMSp0IEXg9km/ci7TJM=
github.com/gorilla/mux v1.8.0/go.mod h1:DVbg23sWSpFRCP0SfiEN6jmj59UnW/n46BH5rLB71So=
golang.org/x/crypto v0.5.0 h1:U/0M97KRkSFvyD/3FSmdP5W5swImpNgle/EHFhOsQPE=
golang.org/x/crypto v0.5.0/go.mod h1:NK/OQwhpMQP3MwtdjgLlYHnH9ebylxKWv3e0fK+mkQU=
golang.org/x/net v0.5.0 h1:GyT4nK/YDHSqa1c4753ouYCDajOYKTja9Xb/OHtgvSw=
golang.org/x/net v0.5.0/go.mod h1:DivGGAXEgPSlEBzxGzZI+ZLohi+xUj054jfeKui00ws=
